
Microsoft Visual Studio Solution File, Format Version 12.00
# Visual Studio 15
VisualStudioVersion = 15.0.27703.2026
MinimumVisualStudioVersion = 10.0.40219.1
Project("{FAE04EC0-301F-11D3-BF4B-00C04F79EFBC}") = "SQLTestCS", "SQLTestCS\SQLTestCS.csproj", "{F9C146E8-9210-4440-AD4A-E1EDE8015F93}"
EndProject
Global
	GlobalSection(SolutionConfigurationPlatforms) = preSolution
		Debug|Any CPU = Debug|Any CPU
		Release|Any CPU = Release|Any CPU
	EndGlobalSection
	GlobalSection(ProjectConfigurationPlatforms) = postSolution
		{F9C146E8-9210-4440-AD4A-E1EDE8015F93}.Debug|Any CPU.ActiveCfg = Debug|Any CPU
		{F9C146E8-9210-4440-AD4A-E1EDE8015F93}.Debug|Any CPU.Build.0 = Debug|Any CPU
		{F9C146E8-9210-4440-AD4A-E1EDE8015F93}.Release|Any CPU.ActiveCfg = Release|Any CPU
		{F9C146E8-9210-4440-AD4A-E1EDE8015F93}.Release|Any CPU.Build.0 = Release|Any CPU
	EndGlobalSection
	GlobalSection(SolutionProperties) = preSolution
		HideSolutionNode = FALSE
	EndGlobalSection
	GlobalSection(ExtensibilityGlobals) = postSolution
		SolutionGuid = {933B3C47-FE5D-4218-B11B-1970E849E1AD}
	EndGlobalSection
EndGlobal
